
Microsoft Visual Studio Solution File, Format Version 12.00
# Visual Studio Version 17
VisualStudioVersion = 17.11.35303.130
MinimumVisualStudioVersion = 10.0.40219.1
Project("{FAE04EC0-301F-11D3-BF4B-00C04F79EFBC}") = "CaptainCrunchDecoder", "CaptainCrunchDecoder.csproj", "{A11BEF84-7997-4D1B-AC91-ADA0BCA78CDE}"
EndProject
Global
	GlobalSection(SolutionConfigurationPlatforms) = preSolution
		Debug|Any CPU = Debug|Any CPU
		Release|Any CPU = Release|Any CPU
	EndGlobalSection
	GlobalSection(ProjectConfigurationPlatforms) = postSolution
		{A11BEF84-7997-4D1B-AC91-ADA0BCA78CDE}.Debug|Any CPU.ActiveCfg = Debug|Any CPU
		{A11BEF84-7997-4D1B-AC91-ADA0BCA78CDE}.Debug|Any CPU.Build.0 = Debug|Any CPU
		{A11BEF84-7997-4D1B-AC91-ADA0BCA78CDE}.Release|Any CPU.ActiveCfg = Release|Any CPU
		{A11BEF84-7997-4D1B-AC91-ADA0BCA78CDE}.Release|Any CPU.Build.0 = Release|Any CPU
	EndGlobalSection
	GlobalSection(SolutionProperties) = preSolution
		HideSolutionNode = FALSE
	EndGlobalSection
	GlobalSection(ExtensibilityGlobals) = postSolution
		SolutionGuid = {11121087-F3EA-4D93-8DD8-9FB3DC22F0F9}
	EndGlobalSection
EndGlobal
